
Microsoft Visual Studio Solution File, Format Version 12.00
# Visual Studio Version 17
VisualStudioVersion = 17.10.35013.160
MinimumVisualStudioVersion = 10.0.40219.1
Project("{FAE04EC0-301F-11D3-BF4B-00C04F79EFBC}") = "Attendence", "Attendence\Attendence.csproj", "{E7FF1EA4-3C33-430C-9BB1-23E63B461193}"
EndProject
Global
	GlobalSection(SolutionConfigurationPlatforms) = preSolution
		Debug|Any CPU = Debug|Any CPU
		Release|Any CPU = Release|Any CPU
	EndGlobalSection
	GlobalSection(ProjectConfigurationPlatforms) = postSolution
		{E7FF1EA4-3C33-430C-9BB1-23E63B461193}.Debug|Any CPU.ActiveCfg = Debug|Any CPU
		{E7FF1EA4-3C33-430C-9BB1-23E63B461193}.Debug|Any CPU.Build.0 = Debug|Any CPU
		{E7FF1EA4-3C33-430C-9BB1-23E63B461193}.Release|Any CPU.ActiveCfg = Release|Any CPU
		{E7FF1EA4-3C33-430C-9BB1-23E63B461193}.Release|Any CPU.Build.0 = Release|Any CPU
	EndGlobalSection
	GlobalSection(SolutionProperties) = preSolution
		HideSolutionNode = FALSE
	EndGlobalSection
	GlobalSection(ExtensibilityGlobals) = postSolution
		SolutionGuid = {5B063B5F-7F01-40FB-9B34-434C234F333A}
	EndGlobalSection
EndGlobal
